{
  "name": "angular-iban",
  "version": "0.0.1",
  "lockfileVersion": 1,
  "requires": true,
  "dependencies": {
    "iban": {
      "version": "0.0.11",
      "resolved": "https://registry.npmjs.org/iban/-/iban-0.0.11.tgz",
      "integrity": "sha512-9X0t/S+c6vBdgq3Hrt55HAonXfPmGuO/Vz507lXwQh+F5/0psvZWfh9jD14NvNYAfggk8WrYCWNvLVpCWLWdUQ=="
    }
  }
}
